<?xml version="1.0" encoding="utf-8"?>
<Project ToolsVersion="4.0" xmlns="http://schemas.microsoft.com/developer/msbuild/2003">
  <ItemGroup>
    <Filter Include="Source Files">
      <UniqueIdentifier>{4FC737F1-C7A5-4376-A066-2A32D752A2FF}</UniqueIdentifier>
      <Extensions>c;cc;cpp;cxx;cp;def;odl;idl;hpj;bat;asm;asmx</Extensions>
    </Filter>
    <Filter Include="Header Files">
      <UniqueIdentifier>{93995380-89BD-4B04-88EB-625FBE52EBFB}</UniqueIdentifier>
      <Extensions>h;hh;hpp;hxx;hm;inl;inc;ipp;xsd</Extensions>
    </Filter>
    <Filter Include="Resource Files">
      <UniqueIdentifier>{67DA6AB6-F800-4C08-8B7A-83BB121AAD01}</UniqueIdentifier>
      <Extensions>rc;ico;cur;bmp;dlg;rc2;rct;bin;rgs;gif;jpg;jpeg;jpe;resx;tiff;tif;png;wav;mfcribbon-ms</Extensions>
    </Filter>
  </ItemGroup>
  <ItemGroup>
    <ClInclude Include="cmd_internal.h">
      <Filter>Header Files</Filter>
    </ClInclude>
    <ClInclude Include="commands.h">
      <Filter>Header Files</Filter>
    </ClInclude>
    <ClInclude Include="mount.h">
      <Filter>Header Files</Filter>
    </ClInclude>
    <ClInclude Include="mt.h">
      <Filter>Header Files</Filter>
    </ClInclude>
    <ClInclude Include="ods1.h">
      <Filter>Header Files</Filter>
    </ClInclude>
    <ClInclude Include="rad50.h">
      <Filter>Header Files</Filter>
    </ClInclude>
    <ClInclude Include="resource.h">
      <Filter>Header Files</Filter>
    </ClInclude>
    <ClInclude Include="rsts.h">
      <Filter>Header Files</Filter>
    </ClInclude>
    <ClInclude Include="rt11.h">
      <Filter>Header Files</Filter>
    </ClInclude>
    <ClInclude Include="tar.h">
      <Filter>Header Files</Filter>
    </ClInclude>
    <ClInclude Include="util.h">
      <Filter>Header Files</Filter>
    </ClInclude>
  </ItemGroup>
  <ItemGroup>
    <ClCompile Include="cmd_dir.c">
      <Filter>Source Files</Filter>
    </ClCompile>
    <ClCompile Include="cmd_ods1_dir.c">
      <Filter>Source Files</Filter>
    </ClCompile>
    <ClCompile Include="commands.c">
      <Filter>Source Files</Filter>
    </ClCompile>
    <ClCompile Include="main.c">
      <Filter>Source Files</Filter>
    </ClCompile>
    <ClCompile Include="mount.c">
      <Filter>Source Files</Filter>
    </ClCompile>
    <ClCompile Include="mt.c">
      <Filter>Source Files</Filter>
    </ClCompile>
    <ClCompile Include="ods1.c">
      <Filter>Source Files</Filter>
    </ClCompile>
    <ClCompile Include="rad50.c">
      <Filter>Source Files</Filter>
    </ClCompile>
    <ClCompile Include="rsts.c">
      <Filter>Source Files</Filter>
    </ClCompile>
    <ClCompile Include="rt11.c">
      <Filter>Source Files</Filter>
    </ClCompile>
    <ClCompile Include="tar.c">
      <Filter>Source Files</Filter>
    </ClCompile>
    <ClCompile Include="util.c">
      <Filter>Source Files</Filter>
    </ClCompile>
  </ItemGroup>
  <ItemGroup>
    <ResourceCompile Include="rt11dv.rc">
      <Filter>Resource Files</Filter>
    </ResourceCompile>
  </ItemGroup>
  <ItemGroup>
    <Image Include="rt11dv.ico">
      <Filter>Resource Files</Filter>
    </Image>
  </ItemGroup>
</Project>
